
Microsoft Visual Studio Solution File, Format Version 12.00
# Visual Studio 15
VisualStudioVersion = 15.0.26430.16
MinimumVisualStudioVersion = 10.0.40219.1
Project("{FAE04EC0-301F-11D3-BF4B-00C04F79EFBC}") = "ExpandableListView.Android", "ExpandableListView\ExpandableListView.Android\ExpandableListView.Android.csproj", "{CFE46F56-0350-4F28-BDA9-919C3963867F}"
EndProject
Project("{FAE04EC0-301F-11D3-BF4B-00C04F79EFBC}") = "ExpandableListView", "ExpandableListView\ExpandableListView\ExpandableListView.csproj", "{04141F40-7509-4448-B4A3-5AC8D2D170EB}"
EndProject
Project("{FAE04EC0-301F-11D3-BF4B-00C04F79EFBC}") = "ExpandableListView.iOS", "ExpandableListView\ExpandableListView.iOS\ExpandableListView.iOS.csproj", "{DD8828D6-798A-4222-B46E-B9D1F9FC05D2}"
EndProject
Global
	GlobalSection(SolutionConfigurationPlatforms) = preSolution
		Ad-Hoc|Any CPU = Ad-Hoc|Any CPU
		Ad-Hoc|iPhone = Ad-Hoc|iPhone
		Ad-Hoc|iPhoneSimulator = Ad-Hoc|iPhoneSimulator
		AppStore|Any CPU = AppStore|Any CPU
		AppStore|iPhone = AppStore|iPhone
		AppStore|iPhoneSimulator = AppStore|iPhoneSimulator
		Debug|Any CPU = Debug|Any CPU
		Debug|iPhone = Debug|iPhone
		Debug|iPhoneSimulator = Debug|iPhoneSimulator
		Release|Any CPU = Release|Any CPU
		Release|iPhone = Release|iPhone
		Release|iPhoneSimulator = Release|iPhoneSimulator
	EndGlobalSection
	GlobalSection(ProjectConfigurationPlatforms) = postSolution
		{CFE46F56-0350-4F28-BDA9-919C3963867F}.Ad-Hoc|Any CPU.ActiveCfg = Release|Any CPU
		{CFE46F56-0350-4F28-BDA9-919C3963867F}.Ad-Hoc|Any CPU.Build.0 = Release|Any CPU
		{CFE46F56-0350-4F28-BDA9-919C3963867F}.Ad-Hoc|Any CPU.Deploy.0 = Release|Any CPU
		{CFE46F56-0350-4F28-BDA9-919C3963867F}.Ad-Hoc|iPhone.ActiveCfg = Release|Any CPU
		{CFE46F56-0350-4F28-BDA9-919C3963867F}.Ad-Hoc|iPhone.Build.0 = Release|Any CPU
		{CFE46F56-0350-4F28-BDA9-919C3963867F}.Ad-Hoc|iPhone.Deploy.0 = Release|Any CPU
		{CFE46F56-0350-4F28-BDA9-919C3963867F}.Ad-Hoc|iPhoneSimulator.ActiveCfg = Release|Any CPU
		{CFE46F56-0350-4F28-BDA9-919C3963867F}.Ad-Hoc|iPhoneSimulator.Build.0 = Release|Any CPU
		{CFE46F56-0350-4F28-BDA9-919C3963867F}.Ad-Hoc|iPhoneSimulator.Deploy.0 = Release|Any CPU
		{CFE46F56-0350-4F28-BDA9-919C3963867F}.AppStore|Any CPU.ActiveCfg = Release|Any CPU
		{CFE46F56-0350-4F28-BDA9-919C3963867F}.AppStore|Any CPU.Build.0 = Release|Any CPU
		{CFE46F56-0350-4F28-BDA9-919C3963867F}.AppStore|Any CPU.Deploy.0 = Release|Any CPU
		{CFE46F56-0350-4F28-BDA9-919C3963867F}.AppStore|iPhone.ActiveCfg = Release|Any CPU
		{CFE46F56-0350-4F28-BDA9-919C3963867F}.AppStore|iPhone.Build.0 = Release|Any CPU
		{CFE46F56-0350-4F28-BDA9-919C3963867F}.AppStore|iPhone.Deploy.0 = Release|Any CPU
		{CFE46F56-0350-4F28-BDA9-919C3963867F}.AppStore|iPhoneSimulator.ActiveCfg = Release|Any CPU
		{CFE46F56-0350-4F28-BDA9-919C3963867F}.AppStore|iPhoneSimulator.Build.0 = Release|Any CPU
		{CFE46F56-0350-4F28-BDA9-919C3963867F}.AppStore|iPhoneSimulator.Deploy.0 = Release|Any CPU
		{CFE46F56-0350-4F28-BDA9-919C3963867F}.Debug|Any CPU.ActiveCfg = Debug|Any CPU
		{CFE46F56-0350-4F28-BDA9-919C3963867F}.Debug|Any CPU.Build.0 = Debug|Any CPU
		{CFE46F56-0350-4F28-BDA9-919C3963867F}.Debug|Any CPU.Deploy.0 = Debug|Any CPU
		{CFE46F56-0350-4F28-BDA9-919C3963867F}.Debug|iPhone.ActiveCfg = Debug|Any CPU
		{CFE46F56-0350-4F28-BDA9-919C3963867F}.Debug|iPhone.Build.0 = Debug|Any CPU
		{CFE46F56-0350-4F28-BDA9-919C3963867F}.Debug|iPhone.Deploy.0 = Debug|Any CPU
		{CFE46F56-0350-4F28-BDA9-919C3963867F}.Debug|iPhoneSimulator.ActiveCfg = Debug|Any CPU
		{CFE46F56-0350-4F28-BDA9-919C3963867F}.Debug|iPhoneSimulator.Build.0 = Debug|Any CPU
		{CFE46F56-0350-4F28-BDA9-919C3963867F}.Debug|iPhoneSimulator.Deploy.0 = Debug|Any CPU
		{CFE46F56-0350-4F28-BDA9-919C3963867F}.Release|Any CPU.ActiveCfg = Release|Any CPU
		{CFE46F56-0350-4F28-BDA9-919C3963867F}.Release|Any CPU.Build.0 = Release|Any CPU
		{CFE46F56-0350-4F28-BDA9-919C3963867F}.Release|Any CPU.Deploy.0 = Release|Any CPU
		{CFE46F56-0350-4F28-BDA9-919C3963867F}.Release|iPhone.ActiveCfg = Release|Any CPU
		{CFE46F56-0350-4F28-BDA9-919C3963867F}.Release|iPhone.Build.0 = Release|Any CPU
		{CFE46F56-0350-4F28-BDA9-919C3963867F}.Release|iPhone.Deploy.0 = Release|Any CPU
		{CFE46F56-0350-4F28-BDA9-919C3963867F}.Release|iPhoneSimulator.ActiveCfg = Release|Any CPU
		{CFE46F56-0350-4F28-BDA9-919C3963867F}.Release|iPhoneSimulator.Build.0 = Release|Any CPU
		{CFE46F56-0350-4F28-BDA9-919C3963867F}.Release|iPhoneSimulator.Deploy.0 = Release|Any CPU
		{04141F40-7509-4448-B4A3-5AC8D2D170EB}.Ad-Hoc|Any CPU.ActiveCfg = Release|Any CPU
		{04141F40-7509-4448-B4A3-5AC8D2D170EB}.Ad-Hoc|Any CPU.Build.0 = Release|Any CPU
		{04141F40-7509-4448-B4A3-5AC8D2D170EB}.Ad-Hoc|iPhone.ActiveCfg = Release|Any CPU
		{04141F40-7509-4448-B4A3-5AC8D2D170EB}.Ad-Hoc|iPhone.Build.0 = Release|Any CPU
		{04141F40-7509-4448-B4A3-5AC8D2D170EB}.Ad-Hoc|iPhoneSimulator.ActiveCfg = Release|Any CPU
		{04141F40-7509-4448-B4A3-5AC8D2D170EB}.Ad-Hoc|iPhoneSimulator.Build.0 = Release|Any CPU
		{04141F40-7509-4448-B4A3-5AC8D2D170EB}.AppStore|Any CPU.ActiveCfg = Release|Any CPU
		{04141F40-7509-4448-B4A3-5AC8D2D170EB}.AppStore|Any CPU.Build.0 = Release|Any CPU
		{04141F40-7509-4448-B4A3-5AC8D2D170EB}.AppStore|iPhone.ActiveCfg = Release|Any CPU
		{04141F40-7509-4448-B4A3-5AC8D2D170EB}.AppStore|iPhone.Build.0 = Release|Any CPU
		{04141F40-7509-4448-B4A3-5AC8D2D170EB}.AppStore|iPhoneSimulator.ActiveCfg = Release|Any CPU
		{04141F40-7509-4448-B4A3-5AC8D2D170EB}.AppStore|iPhoneSimulator.Build.0 = Release|Any CPU
		{04141F40-7509-4448-B4A3-5AC8D2D170EB}.Debug|Any CPU.ActiveCfg = Debug|Any CPU
		{04141F40-7509-4448-B4A3-5AC8D2D170EB}.Debug|Any CPU.Build.0 = Debug|Any CPU
		{04141F40-7509-4448-B4A3-5AC8D2D170EB}.Debug|iPhone.ActiveCfg = Debug|Any CPU
		{04141F40-7509-4448-B4A3-5AC8D2D170EB}.Debug|iPhone.Build.0 = Debug|Any CPU
		{04141F40-7509-4448-B4A3-5AC8D2D170EB}.Debug|iPhoneSimulator.ActiveCfg = Debug|Any CPU
		{04141F40-7509-4448-B4A3-5AC8D2D170EB}.Debug|iPhoneSimulator.Build.0 = Debug|Any CPU
		{04141F40-7509-4448-B4A3-5AC8D2D170EB}.Release|Any CPU.ActiveCfg = Release|Any CPU
		{04141F40-7509-4448-B4A3-5AC8D2D170EB}.Release|Any CPU.Build.0 = Release|Any CPU
		{04141F40-7509-4448-B4A3-5AC8D2D170EB}.Release|iPhone.ActiveCfg = Release|Any CPU
		{04141F40-7509-4448-B4A3-5AC8D2D170EB}.Release|iPhone.Build.0 = Release|Any CPU
		{04141F40-7509-4448-B4A3-5AC8D2D170EB}.Release|iPhoneSimulator.ActiveCfg = Release|Any CPU
		{04141F40-7509-4448-B4A3-5AC8D2D170EB}.Release|iPhoneSimulator.Build.0 = Release|Any CPU
		{DD8828D6-798A-4222-B46E-B9D1F9FC05D2}.Ad-Hoc|Any CPU.ActiveCfg = Ad-Hoc|iPhone
		{DD8828D6-798A-4222-B46E-B9D1F9FC05D2}.Ad-Hoc|iPhone.ActiveCfg = Ad-Hoc|iPhone
		{DD8828D6-798A-4222-B46E-B9D1F9FC05D2}.Ad-Hoc|iPhone.Build.0 = Ad-Hoc|iPhone
		{DD8828D6-798A-4222-B46E-B9D1F9FC05D2}.Ad-Hoc|iPhoneSimulator.ActiveCfg = Ad-Hoc|iPhoneSimulator
		{DD8828D6-798A-4222-B46E-B9D1F9FC05D2}.Ad-Hoc|iPhoneSimulator.Build.0 = Ad-Hoc|iPhoneSimulator
		{DD8828D6-798A-4222-B46E-B9D1F9FC05D2}.AppStore|Any CPU.ActiveCfg = AppStore|iPhone
		{DD8828D6-798A-4222-B46E-B9D1F9FC05D2}.AppStore|iPhone.ActiveCfg = AppStore|iPhone
		{DD8828D6-798A-4222-B46E-B9D1F9FC05D2}.AppStore|iPhone.Build.0 = AppStore|iPhone
		{DD8828D6-798A-4222-B46E-B9D1F9FC05D2}.AppStore|iPhoneSimulator.ActiveCfg = AppStore|iPhoneSimulator
		{DD8828D6-798A-4222-B46E-B9D1F9FC05D2}.AppStore|iPhoneSimulator.Build.0 = AppStore|iPhoneSimulator
		{DD8828D6-798A-4222-B46E-B9D1F9FC05D2}.Debug|Any CPU.ActiveCfg = Debug|iPhone
		{DD8828D6-798A-4222-B46E-B9D1F9FC05D2}.Debug|iPhone.ActiveCfg = Debug|iPhone
		{DD8828D6-798A-4222-B46E-B9D1F9FC05D2}.Debug|iPhone.Build.0 = Debug|iPhone
		{DD8828D6-798A-4222-B46E-B9D1F9FC05D2}.Debug|iPhoneSimulator.ActiveCfg = Debug|iPhoneSimulator
		{DD8828D6-798A-4222-B46E-B9D1F9FC05D2}.Debug|iPhoneSimulator.Build.0 = Debug|iPhoneSimulator
		{DD8828D6-798A-4222-B46E-B9D1F9FC05D2}.Release|Any CPU.ActiveCfg = Release|iPhone
		{DD8828D6-798A-4222-B46E-B9D1F9FC05D2}.Release|iPhone.ActiveCfg = Release|iPhone
		{DD8828D6-798A-4222-B46E-B9D1F9FC05D2}.Release|iPhone.Build.0 = Release|iPhone
		{DD8828D6-798A-4222-B46E-B9D1F9FC05D2}.Release|iPhoneSimulator.ActiveCfg = Release|iPhoneSimulator
		{DD8828D6-798A-4222-B46E-B9D1F9FC05D2}.Release|iPhoneSimulator.Build.0 = Release|iPhoneSimulator
	EndGlobalSection
	GlobalSection(SolutionProperties) = preSolution
		HideSolutionNode = FALSE
	EndGlobalSection
EndGlobal
